{
  "name": "project 1",
  "lockfileVersion": 2,
  "requires": true,
  "packages": {
    "": {
      "dependencies": {
        "file-saver": "^2.0.5"
      },
      "devDependencies": {
        "@types/file-saver": "^2.0.5"
      }
    },
    "node_modules/@types/file-saver": {
      "version": "2.0.5",
      "resolved": "https://registry.npmjs.org/@types/file-saver/-/file-saver-2.0.5.tgz",
      "integrity": "sha512-zv9kNf3keYegP5oThGLaPk8E081DFDuwfqjtiTzm6PoxChdJ1raSuADf2YGCVIyrSynLrgc8JWv296s7Q7pQSQ==",
      "dev": true
    },
    "node_modules/file-saver": {
      "version": "2.0.5",
      "resolved": "https://registry.npmjs.org/file-saver/-/file-saver-2.0.5.tgz",
      "integrity": "sha512-P9bmyZ3h/PRG+Nzga+rbdI4OEpNDzAVyy74uVO9ATgzLK6VtAsYybF/+TOCvrc0MO793d6+42lLyZTw7/ArVzA=="
    }
  },
  "dependencies": {
    "@types/file-saver": {
      "version": "2.0.5",
      "resolved": "https://registry.npmjs.org/@types/file-saver/-/file-saver-2.0.5.tgz",
      "integrity": "sha512-zv9kNf3keYegP5oThGLaPk8E081DFDuwfqjtiTzm6PoxChdJ1raSuADf2YGCVIyrSynLrgc8JWv296s7Q7pQSQ==",
      "dev": true
    },
    "file-saver": {
      "version": "2.0.5",
      "resolved": "https://registry.npmjs.org/file-saver/-/file-saver-2.0.5.tgz",
      "integrity": "sha512-P9bmyZ3h/PRG+Nzga+rbdI4OEpNDzAVyy74uVO9ATgzLK6VtAsYybF/+TOCvrc0MO793d6+42lLyZTw7/ArVzA=="
    }
  }
}
